
Microsoft Visual Studio Solution File, Format Version 12.00
# Visual Studio Version 16
VisualStudioVersion = 16.0.31605.320
MinimumVisualStudioVersion = 10.0.40219.1
Project("{9A19103F-16F7-4668-BE54-9A1E7A4F7556}") = "ASPNET5", "ASPNET5\ASPNET5.csproj", "{53DA2F6C-CBC9-449F-95CF-ED69FA2B7BA5}"
EndProject
Project("{9A19103F-16F7-4668-BE54-9A1E7A4F7556}") = "A001", "A001\A001.csproj", "{12935603-549C-4D96-8EA7-2822A3783E39}"
EndProject
Project("{9A19103F-16F7-4668-BE54-9A1E7A4F7556}") = "A002", "A002\A002.csproj", "{B8FCA08D-C540-4573-B3B2-5F1939987610}"
EndProject
Project("{9A19103F-16F7-4668-BE54-9A1E7A4F7556}") = "A003", "A003\A003.csproj", "{12A100EB-182C-430C-B5C1-E072F6CCE98A}"
EndProject
Project("{9A19103F-16F7-4668-BE54-9A1E7A4F7556}") = "A004", "A004\A004.csproj", "{1DD7FB9C-5A2A-4C2D-B96A-6F9936FE2BF7}"
EndProject
Project("{9A19103F-16F7-4668-BE54-9A1E7A4F7556}") = "A005", "A005\A005.csproj", "{DE53BADA-FA5E-49FF-9882-9977711AF8B2}"
EndProject
Project("{9A19103F-16F7-4668-BE54-9A1E7A4F7556}") = "A006Cookies", "A006Cookies\A006Cookies.csproj", "{37FBED69-279F-47F4-95F8-D1313C0E798C}"
EndProject
Project("{9A19103F-16F7-4668-BE54-9A1E7A4F7556}") = "A007Log", "A007Log\A007Log.csproj", "{DEC4130D-BDF2-41E1-A307-2BD7AD71B10B}"
EndProject
Project("{9A19103F-16F7-4668-BE54-9A1E7A4F7556}") = "A008Routing", "A008Routing\A008Routing.csproj", "{E47F25DA-2B2E-4FFF-BF75-2DF7E8A80B95}"
EndProject
Project("{9A19103F-16F7-4668-BE54-9A1E7A4F7556}") = "A009RouterMiddleware", "A009RouterMiddleware\A009RouterMiddleware.csproj", "{4414D309-6F03-48EB-A57D-B9ADD64FD659}"
EndProject
Project("{9A19103F-16F7-4668-BE54-9A1E7A4F7556}") = "A010RouteContext", "A010RouteContext\A010RouteContext.csproj", "{F7B129BF-854E-4D3A-8920-FAB747DFBBAE}"
EndProject
Project("{FAE04EC0-301F-11D3-BF4B-00C04F79EFBC}") = "A011CreatingRoute", "A011CreatingRoute\A011CreatingRoute.csproj", "{9434A011-B361-408D-B79A-59AE9BD76862}"
EndProject
Global
	GlobalSection(SolutionConfigurationPlatforms) = preSolution
		Debug|Any CPU = Debug|Any CPU
		Release|Any CPU = Release|Any CPU
	EndGlobalSection
	GlobalSection(ProjectConfigurationPlatforms) = postSolution
		{53DA2F6C-CBC9-449F-95CF-ED69FA2B7BA5}.Debug|Any CPU.ActiveCfg = Debug|Any CPU
		{53DA2F6C-CBC9-449F-95CF-ED69FA2B7BA5}.Debug|Any CPU.Build.0 = Debug|Any CPU
		{53DA2F6C-CBC9-449F-95CF-ED69FA2B7BA5}.Release|Any CPU.ActiveCfg = Release|Any CPU
		{53DA2F6C-CBC9-449F-95CF-ED69FA2B7BA5}.Release|Any CPU.Build.0 = Release|Any CPU
		{12935603-549C-4D96-8EA7-2822A3783E39}.Debug|Any CPU.ActiveCfg = Debug|Any CPU
		{12935603-549C-4D96-8EA7-2822A3783E39}.Debug|Any CPU.Build.0 = Debug|Any CPU
		{12935603-549C-4D96-8EA7-2822A3783E39}.Release|Any CPU.ActiveCfg = Release|Any CPU
		{12935603-549C-4D96-8EA7-2822A3783E39}.Release|Any CPU.Build.0 = Release|Any CPU
		{B8FCA08D-C540-4573-B3B2-5F1939987610}.Debug|Any CPU.ActiveCfg = Debug|Any CPU
		{B8FCA08D-C540-4573-B3B2-5F1939987610}.Debug|Any CPU.Build.0 = Debug|Any CPU
		{B8FCA08D-C540-4573-B3B2-5F1939987610}.Release|Any CPU.ActiveCfg = Release|Any CPU
		{B8FCA08D-C540-4573-B3B2-5F1939987610}.Release|Any CPU.Build.0 = Release|Any CPU
		{12A100EB-182C-430C-B5C1-E072F6CCE98A}.Debug|Any CPU.ActiveCfg = Debug|Any CPU
		{12A100EB-182C-430C-B5C1-E072F6CCE98A}.Debug|Any CPU.Build.0 = Debug|Any CPU
		{12A100EB-182C-430C-B5C1-E072F6CCE98A}.Release|Any CPU.ActiveCfg = Release|Any CPU
		{12A100EB-182C-430C-B5C1-E072F6CCE98A}.Release|Any CPU.Build.0 = Release|Any CPU
		{1DD7FB9C-5A2A-4C2D-B96A-6F9936FE2BF7}.Debug|Any CPU.ActiveCfg = Debug|Any CPU
		{1DD7FB9C-5A2A-4C2D-B96A-6F9936FE2BF7}.Debug|Any CPU.Build.0 = Debug|Any CPU
		{1DD7FB9C-5A2A-4C2D-B96A-6F9936FE2BF7}.Release|Any CPU.ActiveCfg = Release|Any CPU
		{1DD7FB9C-5A2A-4C2D-B96A-6F9936FE2BF7}.Release|Any CPU.Build.0 = Release|Any CPU
		{DE53BADA-FA5E-49FF-9882-9977711AF8B2}.Debug|Any CPU.ActiveCfg = Debug|Any CPU
		{DE53BADA-FA5E-49FF-9882-9977711AF8B2}.Debug|Any CPU.Build.0 = Debug|Any CPU
		{DE53BADA-FA5E-49FF-9882-9977711AF8B2}.Release|Any CPU.ActiveCfg = Release|Any CPU
		{DE53BADA-FA5E-49FF-9882-9977711AF8B2}.Release|Any CPU.Build.0 = Release|Any CPU
		{37FBED69-279F-47F4-95F8-D1313C0E798C}.Debug|Any CPU.ActiveCfg = Debug|Any CPU
		{37FBED69-279F-47F4-95F8-D1313C0E798C}.Debug|Any CPU.Build.0 = Debug|Any CPU
		{37FBED69-279F-47F4-95F8-D1313C0E798C}.Release|Any CPU.ActiveCfg = Release|Any CPU
		{37FBED69-279F-47F4-95F8-D1313C0E798C}.Release|Any CPU.Build.0 = Release|Any CPU
		{DEC4130D-BDF2-41E1-A307-2BD7AD71B10B}.Debug|Any CPU.ActiveCfg = Debug|Any CPU
		{DEC4130D-BDF2-41E1-A307-2BD7AD71B10B}.Debug|Any CPU.Build.0 = Debug|Any CPU
		{DEC4130D-BDF2-41E1-A307-2BD7AD71B10B}.Release|Any CPU.ActiveCfg = Release|Any CPU
		{DEC4130D-BDF2-41E1-A307-2BD7AD71B10B}.Release|Any CPU.Build.0 = Release|Any CPU
		{E47F25DA-2B2E-4FFF-BF75-2DF7E8A80B95}.Debug|Any CPU.ActiveCfg = Debug|Any CPU
		{E47F25DA-2B2E-4FFF-BF75-2DF7E8A80B95}.Debug|Any CPU.Build.0 = Debug|Any CPU
		{E47F25DA-2B2E-4FFF-BF75-2DF7E8A80B95}.Release|Any CPU.ActiveCfg = Release|Any CPU
		{E47F25DA-2B2E-4FFF-BF75-2DF7E8A80B95}.Release|Any CPU.Build.0 = Release|Any CPU
		{4414D309-6F03-48EB-A57D-B9ADD64FD659}.Debug|Any CPU.ActiveCfg = Debug|Any CPU
		{4414D309-6F03-48EB-A57D-B9ADD64FD659}.Debug|Any CPU.Build.0 = Debug|Any CPU
		{4414D309-6F03-48EB-A57D-B9ADD64FD659}.Release|Any CPU.ActiveCfg = Release|Any CPU
		{4414D309-6F03-48EB-A57D-B9ADD64FD659}.Release|Any CPU.Build.0 = Release|Any CPU
		{F7B129BF-854E-4D3A-8920-FAB747DFBBAE}.Debug|Any CPU.ActiveCfg = Debug|Any CPU
		{F7B129BF-854E-4D3A-8920-FAB747DFBBAE}.Debug|Any CPU.Build.0 = Debug|Any CPU
		{F7B129BF-854E-4D3A-8920-FAB747DFBBAE}.Release|Any CPU.ActiveCfg = Release|Any CPU
		{F7B129BF-854E-4D3A-8920-FAB747DFBBAE}.Release|Any CPU.Build.0 = Release|Any CPU
		{9434A011-B361-408D-B79A-59AE9BD76862}.Debug|Any CPU.ActiveCfg = Debug|Any CPU
		{9434A011-B361-408D-B79A-59AE9BD76862}.Debug|Any CPU.Build.0 = Debug|Any CPU
		{9434A011-B361-408D-B79A-59AE9BD76862}.Release|Any CPU.ActiveCfg = Release|Any CPU
		{9434A011-B361-408D-B79A-59AE9BD76862}.Release|Any CPU.Build.0 = Release|Any CPU
	EndGlobalSection
	GlobalSection(SolutionProperties) = preSolution
		HideSolutionNode = FALSE
	EndGlobalSection
	GlobalSection(ExtensibilityGlobals) = postSolution
		SolutionGuid = {6EB38C41-265D-4DB4-B5A4-DF7DC9A81B6A}
	EndGlobalSection
EndGlobal
